{
  "version": 4,
  "terraform_version": "1.5.7",
  "serial": 2,
  "lineage": "3592c7da-0bdb-e037-d5bc-988e77ae1087",
  "outputs": {
    "endpoints": {
      "value": {
        "grpc_address": "us-east-1.aws.api.temporal.io:7233",
        "mtls_grpc_address": "high-availability-demos-srr.i6wxx.tmprl.cloud:7233",
        "web_address": "https://high-availability-demos-srr.i6wxx.web.tmprl.cloud"
      },
      "type": [
        "object",
        {
          "grpc_address": "string",
          "mtls_grpc_address": "string",
          "web_address": "string"
        }
      ]
    },
    "namespace_id": {
      "value": "high-availability-demos-srr.i6wxx",
      "type": "string"
    }
  },
  "resources": [
    {
      "mode": "managed",
      "type": "temporalcloud_namespace",
      "name": "same_region",
      "provider": "provider[\"registry.terraform.io/temporalio/temporalcloud\"]",
      "instances": [
        {
          "schema_version": 0,
          "attributes": {
            "accepted_client_ca": null,
            "api_key_auth": true,
            "capacity": null,
            "certificate_filters": null,
            "codec_server": null,
            "connectivity_rule_ids": null,
            "endpoints": {
              "grpc_address": "us-east-1.aws.api.temporal.io:7233",
              "mtls_grpc_address": "high-availability-demos-srr.i6wxx.tmprl.cloud:7233",
              "web_address": "https://high-availability-demos-srr.i6wxx.web.tmprl.cloud"
            },
            "id": "high-availability-demos-srr.i6wxx",
            "name": "high-availability-demos-srr",
            "namespace_lifecycle": null,
            "regions": [
              "aws-us-east-1",
              "aws-us-east-1"
            ],
            "retention_days": 14,
            "timeouts": null
          },
          "sensitive_attributes": []
        }
      ]
    }
  ],
  "check_results": null
}
